
Microsoft Visual Studio Solution File, Format Version 12.00
# Visual Studio 2013
VisualStudioVersion = 12.0.31101.0
MinimumVisualStudioVersion = 10.0.40219.1
Project("{FAE04EC0-301F-11D3-BF4B-00C04F79EFBC}") = "Numbers", "Numbers\Numbers.csproj", "{3BE78D05-0F0A-4D33-9FE2-C59CA7760881}"
EndProject
Project("{FAE04EC0-301F-11D3-BF4B-00C04F79EFBC}") = "Geometry", "Geometry\Geometry.csproj", "{D2536EEB-C426-464B-B6DA-EEA5DB033CCD}"
EndProject
Project("{FAE04EC0-301F-11D3-BF4B-00C04F79EFBC}") = "Students", "Students\Students.csproj", "{318D2F65-368D-4552-A33C-4E67B1FBCABA}"
EndProject
Global
	GlobalSection(SolutionConfigurationPlatforms) = preSolution
		Debug|Any CPU = Debug|Any CPU
		Release|Any CPU = Release|Any CPU
	EndGlobalSection
	GlobalSection(ProjectConfigurationPlatforms) = postSolution
		{3BE78D05-0F0A-4D33-9FE2-C59CA7760881}.Debug|Any CPU.ActiveCfg = Debug|Any CPU
		{3BE78D05-0F0A-4D33-9FE2-C59CA7760881}.Debug|Any CPU.Build.0 = Debug|Any CPU
		{3BE78D05-0F0A-4D33-9FE2-C59CA7760881}.Release|Any CPU.ActiveCfg = Release|Any CPU
		{3BE78D05-0F0A-4D33-9FE2-C59CA7760881}.Release|Any CPU.Build.0 = Release|Any CPU
		{D2536EEB-C426-464B-B6DA-EEA5DB033CCD}.Debug|Any CPU.ActiveCfg = Debug|Any CPU
		{D2536EEB-C426-464B-B6DA-EEA5DB033CCD}.Debug|Any CPU.Build.0 = Debug|Any CPU
		{D2536EEB-C426-464B-B6DA-EEA5DB033CCD}.Release|Any CPU.ActiveCfg = Release|Any CPU
		{D2536EEB-C426-464B-B6DA-EEA5DB033CCD}.Release|Any CPU.Build.0 = Release|Any CPU
		{318D2F65-368D-4552-A33C-4E67B1FBCABA}.Debug|Any CPU.ActiveCfg = Debug|Any CPU
		{318D2F65-368D-4552-A33C-4E67B1FBCABA}.Debug|Any CPU.Build.0 = Debug|Any CPU
		{318D2F65-368D-4552-A33C-4E67B1FBCABA}.Release|Any CPU.ActiveCfg = Release|Any CPU
		{318D2F65-368D-4552-A33C-4E67B1FBCABA}.Release|Any CPU.Build.0 = Release|Any CPU
	EndGlobalSection
	GlobalSection(SolutionProperties) = preSolution
		HideSolutionNode = FALSE
	EndGlobalSection
EndGlobal
