
Microsoft Visual Studio Solution File, Format Version 12.00
# Visual Studio 2013
VisualStudioVersion = 12.0.31101.0
MinimumVisualStudioVersion = 10.0.40219.1
Project("{FAE04EC0-301F-11D3-BF4B-00C04F79EFBC}") = "01.Customer", "01.Customer\01.Customer.csproj", "{A6A732A7-6E48-438D-8C52-79348B214FB6}"
EndProject
Project("{FAE04EC0-301F-11D3-BF4B-00C04F79EFBC}") = "02.StringDisperser", "02.StringDisperser\02.StringDisperser.csproj", "{1CD54566-320D-4761-92FE-161CA122CF19}"
EndProject
Global
	GlobalSection(SolutionConfigurationPlatforms) = preSolution
		Debug|Any CPU = Debug|Any CPU
		Release|Any CPU = Release|Any CPU
	EndGlobalSection
	GlobalSection(ProjectConfigurationPlatforms) = postSolution
		{A6A732A7-6E48-438D-8C52-79348B214FB6}.Debug|Any CPU.ActiveCfg = Debug|Any CPU
		{A6A732A7-6E48-438D-8C52-79348B214FB6}.Debug|Any CPU.Build.0 = Debug|Any CPU
		{A6A732A7-6E48-438D-8C52-79348B214FB6}.Release|Any CPU.ActiveCfg = Release|Any CPU
		{A6A732A7-6E48-438D-8C52-79348B214FB6}.Release|Any CPU.Build.0 = Release|Any CPU
		{1CD54566-320D-4761-92FE-161CA122CF19}.Debug|Any CPU.ActiveCfg = Debug|Any CPU
		{1CD54566-320D-4761-92FE-161CA122CF19}.Debug|Any CPU.Build.0 = Debug|Any CPU
		{1CD54566-320D-4761-92FE-161CA122CF19}.Release|Any CPU.ActiveCfg = Release|Any CPU
		{1CD54566-320D-4761-92FE-161CA122CF19}.Release|Any CPU.Build.0 = Release|Any CPU
	EndGlobalSection
	GlobalSection(SolutionProperties) = preSolution
		HideSolutionNode = FALSE
	EndGlobalSection
EndGlobal
