
Microsoft Visual Studio Solution File, Format Version 12.00
# Visual Studio 2013
VisualStudioVersion = 12.0.30723.0
MinimumVisualStudioVersion = 10.0.40219.1
Project("{FAE04EC0-301F-11D3-BF4B-00C04F79EFBC}") = "01.ProjectsAndGroups", "01.ProjectsAndGroups\01.ProjectsAndGroups.csproj", "{160676A0-95A6-44E1-906B-E12F8306BDE8}"
EndProject
Project("{FAE04EC0-301F-11D3-BF4B-00C04F79EFBC}") = "02.SimpleSite", "02.SimpleSite\02.SimpleSite.csproj", "{34ACEF2B-DB2A-40DA-9E0F-7FCF715E8322}"
EndProject
Project("{FAE04EC0-301F-11D3-BF4B-00C04F79EFBC}") = "03.RegistrationForm", "03.RegistrationForm\03.RegistrationForm.csproj", "{33E38668-9D19-4E79-9CCC-5F896C7CD6DB}"
EndProject
Global
	GlobalSection(SolutionConfigurationPlatforms) = preSolution
		Debug|Any CPU = Debug|Any CPU
		Release|Any CPU = Release|Any CPU
	EndGlobalSection
	GlobalSection(ProjectConfigurationPlatforms) = postSolution
		{160676A0-95A6-44E1-906B-E12F8306BDE8}.Debug|Any CPU.ActiveCfg = Debug|Any CPU
		{160676A0-95A6-44E1-906B-E12F8306BDE8}.Debug|Any CPU.Build.0 = Debug|Any CPU
		{160676A0-95A6-44E1-906B-E12F8306BDE8}.Release|Any CPU.ActiveCfg = Release|Any CPU
		{160676A0-95A6-44E1-906B-E12F8306BDE8}.Release|Any CPU.Build.0 = Release|Any CPU
		{34ACEF2B-DB2A-40DA-9E0F-7FCF715E8322}.Debug|Any CPU.ActiveCfg = Debug|Any CPU
		{34ACEF2B-DB2A-40DA-9E0F-7FCF715E8322}.Debug|Any CPU.Build.0 = Debug|Any CPU
		{34ACEF2B-DB2A-40DA-9E0F-7FCF715E8322}.Release|Any CPU.ActiveCfg = Release|Any CPU
		{34ACEF2B-DB2A-40DA-9E0F-7FCF715E8322}.Release|Any CPU.Build.0 = Release|Any CPU
		{33E38668-9D19-4E79-9CCC-5F896C7CD6DB}.Debug|Any CPU.ActiveCfg = Debug|Any CPU
		{33E38668-9D19-4E79-9CCC-5F896C7CD6DB}.Debug|Any CPU.Build.0 = Debug|Any CPU
		{33E38668-9D19-4E79-9CCC-5F896C7CD6DB}.Release|Any CPU.ActiveCfg = Release|Any CPU
		{33E38668-9D19-4E79-9CCC-5F896C7CD6DB}.Release|Any CPU.Build.0 = Release|Any CPU
	EndGlobalSection
	GlobalSection(SolutionProperties) = preSolution
		HideSolutionNode = FALSE
	EndGlobalSection
EndGlobal
