
Microsoft Visual Studio Solution File, Format Version 12.00
# Visual Studio 2013
VisualStudioVersion = 12.0.31101.0
MinimumVisualStudioVersion = 10.0.40219.1
Project("{FAE04EC0-301F-11D3-BF4B-00C04F79EFBC}") = "01.Persons", "01.Persons\01.Persons.csproj", "{9D413E1E-6572-4CD2-BD57-E08F5C30D0AB}"
EndProject
Project("{FAE04EC0-301F-11D3-BF4B-00C04F79EFBC}") = "02.LaptopShop", "02.LaptopShop\02.LaptopShop.csproj", "{020C4FC1-71F0-4114-A5AD-AD6886374466}"
EndProject
Project("{FAE04EC0-301F-11D3-BF4B-00C04F79EFBC}") = "03.PCCatalog", "03.PCCatalog\03.PCCatalog.csproj", "{8BF56A94-196F-4C03-88D5-C2A527DA0594}"
EndProject
Project("{FAE04EC0-301F-11D3-BF4B-00C04F79EFBC}") = "04.SULS", "04.SULS\04.SULS.csproj", "{C8FA77AE-63C0-45B6-8CFD-C6C7C2AA92B5}"
EndProject
Global
	GlobalSection(SolutionConfigurationPlatforms) = preSolution
		Debug|Any CPU = Debug|Any CPU
		Release|Any CPU = Release|Any CPU
	EndGlobalSection
	GlobalSection(ProjectConfigurationPlatforms) = postSolution
		{9D413E1E-6572-4CD2-BD57-E08F5C30D0AB}.Debug|Any CPU.ActiveCfg = Debug|Any CPU
		{9D413E1E-6572-4CD2-BD57-E08F5C30D0AB}.Debug|Any CPU.Build.0 = Debug|Any CPU
		{9D413E1E-6572-4CD2-BD57-E08F5C30D0AB}.Release|Any CPU.ActiveCfg = Release|Any CPU
		{9D413E1E-6572-4CD2-BD57-E08F5C30D0AB}.Release|Any CPU.Build.0 = Release|Any CPU
		{020C4FC1-71F0-4114-A5AD-AD6886374466}.Debug|Any CPU.ActiveCfg = Debug|Any CPU
		{020C4FC1-71F0-4114-A5AD-AD6886374466}.Debug|Any CPU.Build.0 = Debug|Any CPU
		{020C4FC1-71F0-4114-A5AD-AD6886374466}.Release|Any CPU.ActiveCfg = Release|Any CPU
		{020C4FC1-71F0-4114-A5AD-AD6886374466}.Release|Any CPU.Build.0 = Release|Any CPU
		{8BF56A94-196F-4C03-88D5-C2A527DA0594}.Debug|Any CPU.ActiveCfg = Debug|Any CPU
		{8BF56A94-196F-4C03-88D5-C2A527DA0594}.Debug|Any CPU.Build.0 = Debug|Any CPU
		{8BF56A94-196F-4C03-88D5-C2A527DA0594}.Release|Any CPU.ActiveCfg = Release|Any CPU
		{8BF56A94-196F-4C03-88D5-C2A527DA0594}.Release|Any CPU.Build.0 = Release|Any CPU
		{C8FA77AE-63C0-45B6-8CFD-C6C7C2AA92B5}.Debug|Any CPU.ActiveCfg = Debug|Any CPU
		{C8FA77AE-63C0-45B6-8CFD-C6C7C2AA92B5}.Debug|Any CPU.Build.0 = Debug|Any CPU
		{C8FA77AE-63C0-45B6-8CFD-C6C7C2AA92B5}.Release|Any CPU.ActiveCfg = Release|Any CPU
		{C8FA77AE-63C0-45B6-8CFD-C6C7C2AA92B5}.Release|Any CPU.Build.0 = Release|Any CPU
	EndGlobalSection
	GlobalSection(SolutionProperties) = preSolution
		HideSolutionNode = FALSE
	EndGlobalSection
EndGlobal
