
Microsoft Visual Studio Solution File, Format Version 12.00
# Visual Studio 2013
VisualStudioVersion = 12.0.31101.0
MinimumVisualStudioVersion = 10.0.40219.1
Project("{FAE04EC0-301F-11D3-BF4B-00C04F79EFBC}") = "01.ThreeNumbers", "01.ThreeNumbers\01.ThreeNumbers.csproj", "{20DF7BAA-1831-4FA1-8833-3247596B2C3A}"
EndProject
Project("{FAE04EC0-301F-11D3-BF4B-00C04F79EFBC}") = "02.Decoding", "02.Decoding\02.Decoding.csproj", "{16513197-AAEB-431B-9DE8-B18867609439}"
EndProject
Project("{FAE04EC0-301F-11D3-BF4B-00C04F79EFBC}") = "04.PersianRugs", "04.PersianRugs\04.PersianRugs.csproj", "{14FF5BC7-EBA1-4E6A-B19A-25CDAC88C769}"
EndProject
Project("{FAE04EC0-301F-11D3-BF4B-00C04F79EFBC}") = "03.ConsoleApplication1", "03.ConsoleApplication1\03.ConsoleApplication1.csproj", "{DBB2F330-1B3D-4A35-89C6-EFCAEF0F4DEF}"
EndProject
Project("{FAE04EC0-301F-11D3-BF4B-00C04F79EFBC}") = "05.SearchInBits", "05.SearchInBits\05.SearchInBits.csproj", "{2ADA8FAA-D2F2-449E-B4C8-2C44FC9F9F75}"
EndProject
Global
	GlobalSection(SolutionConfigurationPlatforms) = preSolution
		Debug|Any CPU = Debug|Any CPU
		Release|Any CPU = Release|Any CPU
	EndGlobalSection
	GlobalSection(ProjectConfigurationPlatforms) = postSolution
		{20DF7BAA-1831-4FA1-8833-3247596B2C3A}.Debug|Any CPU.ActiveCfg = Debug|Any CPU
		{20DF7BAA-1831-4FA1-8833-3247596B2C3A}.Debug|Any CPU.Build.0 = Debug|Any CPU
		{20DF7BAA-1831-4FA1-8833-3247596B2C3A}.Release|Any CPU.ActiveCfg = Release|Any CPU
		{20DF7BAA-1831-4FA1-8833-3247596B2C3A}.Release|Any CPU.Build.0 = Release|Any CPU
		{16513197-AAEB-431B-9DE8-B18867609439}.Debug|Any CPU.ActiveCfg = Debug|Any CPU
		{16513197-AAEB-431B-9DE8-B18867609439}.Debug|Any CPU.Build.0 = Debug|Any CPU
		{16513197-AAEB-431B-9DE8-B18867609439}.Release|Any CPU.ActiveCfg = Release|Any CPU
		{16513197-AAEB-431B-9DE8-B18867609439}.Release|Any CPU.Build.0 = Release|Any CPU
		{14FF5BC7-EBA1-4E6A-B19A-25CDAC88C769}.Debug|Any CPU.ActiveCfg = Debug|Any CPU
		{14FF5BC7-EBA1-4E6A-B19A-25CDAC88C769}.Debug|Any CPU.Build.0 = Debug|Any CPU
		{14FF5BC7-EBA1-4E6A-B19A-25CDAC88C769}.Release|Any CPU.ActiveCfg = Release|Any CPU
		{14FF5BC7-EBA1-4E6A-B19A-25CDAC88C769}.Release|Any CPU.Build.0 = Release|Any CPU
		{DBB2F330-1B3D-4A35-89C6-EFCAEF0F4DEF}.Debug|Any CPU.ActiveCfg = Debug|Any CPU
		{DBB2F330-1B3D-4A35-89C6-EFCAEF0F4DEF}.Debug|Any CPU.Build.0 = Debug|Any CPU
		{DBB2F330-1B3D-4A35-89C6-EFCAEF0F4DEF}.Release|Any CPU.ActiveCfg = Release|Any CPU
		{DBB2F330-1B3D-4A35-89C6-EFCAEF0F4DEF}.Release|Any CPU.Build.0 = Release|Any CPU
		{2ADA8FAA-D2F2-449E-B4C8-2C44FC9F9F75}.Debug|Any CPU.ActiveCfg = Debug|Any CPU
		{2ADA8FAA-D2F2-449E-B4C8-2C44FC9F9F75}.Debug|Any CPU.Build.0 = Debug|Any CPU
		{2ADA8FAA-D2F2-449E-B4C8-2C44FC9F9F75}.Release|Any CPU.ActiveCfg = Release|Any CPU
		{2ADA8FAA-D2F2-449E-B4C8-2C44FC9F9F75}.Release|Any CPU.Build.0 = Release|Any CPU
	EndGlobalSection
	GlobalSection(SolutionProperties) = preSolution
		HideSolutionNode = FALSE
	EndGlobalSection
EndGlobal
