
Microsoft Visual Studio Solution File, Format Version 12.00
# Visual Studio 2013
VisualStudioVersion = 12.0.31101.0
MinimumVisualStudioVersion = 10.0.40219.1
Project("{2150E333-8FDC-42A3-9474-1A3956D46DE8}") = "Solution Items", "Solution Items", "{0B36230E-CA0E-4E77-8466-670075656F13}"
	ProjectSection(SolutionItems) = preProject
		01.theTetevenTrip.js = 01.theTetevenTrip.js
		02.parachute.js = 02.parachute.js
		03.useYourChains.js = 03.useYourChains.js
		04.allThatLuggage.js = 04.allThatLuggage.js
		Debug.html = Debug.html
	EndProjectSection
EndProject
Global
	GlobalSection(SolutionProperties) = preSolution
		HideSolutionNode = FALSE
	EndGlobalSection
EndGlobal
